// !$*UTF8*$!
{
	archiveVersion = 1;
	classes = {
	};
	objectVersion = 46;
	objects = {

/* Begin PBXBuildFile section */
		4CD5BEFD1C03B6B2001CD209 /* AppDelegate.swift in Sources */ = {isa = PBXBuildFile; fileRef = 4CD5BEFC1C03B6B2001CD209 /* AppDelegate.swift */; };
		4CD5BEFF1C03B6B2001CD209 /* ViewController.swift in Sources */ = {isa = PBXBuildFile; fileRef = 4CD5BEFE1C03B6B2001CD209 /* ViewController.swift */; };
		4CD5BF021C03B6B2001CD209 /* Main.storyboard in Resources */ = {isa = PBXBuildFile; fileRef = 4CD5BF001C03B6B2001CD209 /* Main.storyboard */; };
		4CD5BF041C03B6B2001CD209 /* Assets.xcassets in Resources */ = {isa = PBXBuildFile; fileRef = 4CD5BF031C03B6B2001CD209 /* Assets.xcassets */; };
		4CD5BF071C03B6B2001CD209 /* LaunchScreen.storyboard in Resources */ = {isa = PBXBuildFile; fileRef = 4CD5BF051C03B6B2001CD209 /* LaunchScreen.storyboard */; };
		4CD5BF121C03B6B2001CD209 /* CounterTests.swift in Sources */ = {isa = PBXBuildFile; fileRef = 4CD5BF111C03B6B2001CD209 /* CounterTests.swift */; };
/* End PBXBuildFile section */

/* Begin PBXContainerItemProxy section */
		4CD5BF0E1C03B6B2001CD209 /* PBXContainerItemProxy */ = {
			isa = PBXContainerItemProxy;
			containerPortal = 4CD5BEF11C03B6B1001CD209 /* Project object */;
			proxyType = 1;
			remoteGlobalIDString = 4CD5BEF81C03B6B1001CD209;
			remoteInfo = Counter;
		};
/* End PBXContainerItemProxy section */

/* Begin PBXFileReference section */
		4CD5BEF91C03B6B2001CD209 /* Counter.app */ = {isa = PBXFileReference; explicitFileType = wrapper.application; includeInIndex = 0; path = Counter.app; sourceTree = BUILT_PRODUCTS_DIR; };
		4CD5BEFC1C03B6B2001CD209 /* AppDelegate.swift */ = {isa = PBXFileReference; lastKnownFileType = sourcecode.swift; path = AppDelegate.swift; sourceTree = "<group>"; };
		4CD5BEFE1C03B6B2001CD209 /* ViewController.swift */ = {isa = PBXFileReference; lastKnownFileType = sourcecode.swift; path = ViewController.swift; sourceTree = "<group>"; };
		4CD5BF011C03B6B2001CD209 /* Base */ = {isa = PBXFileReference; lastKnownFileType = file.storyboard; name = Base; path = Base.lproj/Main.storyboard; sourceTree = "<group>"; };
		4CD5BF031C03B6B2001CD209 /* Assets.xcassets */ = {isa = PBXFileReference; lastKnownFileType = folder.assetcatalog; path = Assets.xcassets; sourceTree = "<group>"; };
		4CD5BF061C03B6B2001CD209 /* Base */ = {isa = PBXFileReference; lastKnownFileType = file.storyboard; name = Base; path = Base.lproj/LaunchScreen.storyboard; sourceTree = "<group>"; };
		4CD5BF081C03B6B2001CD209 /* Info.plist */ = {isa = PBXFileReference; lastKnownFileType = text.plist.xml; path = Info.plist; sourceTree = "<group>"; };
		4CD5BF0D1C03B6B2001CD209 /* CounterTests.xctest */ = {isa = PBXFileReference; explicitFileType = wrapper.cfbundle; includeInIndex = 0; path = CounterTests.xctest; sourceTree = BUILT_PRODUCTS_DIR; };
		4CD5BF111C03B6B2001CD209 /* CounterTests.swift */ = {isa = PBXFileReference; lastKnownFileType = sourcecode.swift; path = CounterTests.swift; sourceTree = "<group>"; };
		4CD5BF131C03B6B2001CD209 /* Info.plist */ = {isa = PBXFileReference; lastKnownFileType = text.plist.xml; path = Info.plist; sourceTree = "<group>"; };
/* End PBXFileReference section */

/* Begin PBXFrameworksBuildPhase section */
		4CD5BEF61C03B6B1001CD209 /* Frameworks */ = {
			isa = PBXFrameworksBuildPhase;
			buildActionMask = 2147483647;
			files = (
			);
			runOnlyForDeploymentPostprocessing = 0;
		};
		4CD5BF0A1C03B6B2001CD209 /* Frameworks */ = {
			isa = PBXFrameworksBuildPhase;
			buildActionMask = 2147483647;
			files = (
			);
			runOnlyForDeploymentPostprocessing = 0;
		};
/* End PBXFrameworksBuildPhase section */

/* Begin PBXGroup section */
		4CD5BEF01C03B6B1001CD209 = {
			isa = PBXGroup;
			children = (
				4CD5BEFB1C03B6B2001CD209 /* Counter */,
				4CD5BF101C03B6B2001CD209 /* CounterTests */,
				4CD5BEFA1C03B6B2001CD209 /* Products */,
			);
			sourceTree = "<group>";
		};
		4CD5BEFA1C03B6B2001CD209 /* Products */ = {
			isa = PBXGroup;
			children = (
				4CD5BEF91C03B6B2001CD209 /* Counter.app */,
				4CD5BF0D1C03B6B2001CD209 /* CounterTests.xctest */,
			);
			name = Products;
			sourceTree = "<group>";
		};
		4CD5BEFB1C03B6B2001CD209 /* Counter */ = {
			isa = PBXGroup;
			children = (
				4CD5BEFC1C03B6B2001CD209 /* AppDelegate.swift */,
				4CD5BEFE1C03B6B2001CD209 /* ViewController.swift */,
				4CD5BF001C03B6B2001CD209 /* Main.storyboard */,
				4CD5BF031C03B6B2001CD209 /* Assets.xcassets */,
				4CD5BF051C03B6B2001CD209 /* LaunchScreen.storyboard */,
				4CD5BF081C03B6B2001CD209 /* Info.plist */,
			);
			path = Counter;
			sourceTree = "<group>";
		};
		4CD5BF101C03B6B2001CD209 /* CounterTests */ = {
			isa = PBXGroup;
			children = (
				4CD5BF111C03B6B2001CD209 /* CounterTests.swift */,
				4CD5BF131C03B6B2001CD209 /* Info.plist */,
			);
			path = CounterTests;
			sourceTree = "<group>";
		};
/* End PBXGroup section */

/* Begin PBXNativeTarget section */
		4CD5BEF81C03B6B1001CD209 /* Counter */ = {
			isa = PBXNativeTarget;
			buildConfigurationList = 4CD5BF161C03B6B2001CD209 /* Build configuration list for PBXNativeTarget "Counter" */;
			buildPhases = (
				4CD5BEF51C03B6B1001CD209 /* Sources */,
				4CD5BEF61C03B6B1001CD209 /* Frameworks */,
				4CD5BEF71C03B6B1001CD209 /* Resources */,
			);
			buildRules = (
			);
			dependencies = (
			);
			name = Counter;
			productName = Counter;
			productReference = 4CD5BEF91C03B6B2001CD209 /* Counter.app */;
			productType = "com.apple.product-type.application";
		};
		4CD5BF0C1C03B6B2001CD209 /* CounterTests */ = {
			isa = PBXNativeTarget;
			buildConfigurationList = 4CD5BF191C03B6B2001CD209 /* Build configuration list for PBXNativeTarget "CounterTests" */;
			buildPhases = (
				4CD5BF091C03B6B2001CD209 /* Sources */,
				4CD5BF0A1C03B6B2001CD209 /* Frameworks */,
				4CD5BF0B1C03B6B2001CD209 /* Resources */,
			);
			buildRules = (
			);
			dependencies = (
				4CD5BF0F1C03B6B2001CD209 /* PBXTargetDependency */,
			);
			name = CounterTests;
			productName = CounterTests;
			productReference = 4CD5BF0D1C03B6B2001CD209 /* CounterTests.xctest */;
			productType = "com.apple.product-type.bundle.unit-test";
		};
/* End PBXNativeTarget section */

/* Begin PBXProject section */
		4CD5BEF11C03B6B1001CD209 /* Project object */ = {
			isa = PBXProject;
			attributes = {
				LastSwiftUpdateCheck = 0710;
				LastUpgradeCheck = 0710;
				ORGANIZATIONNAME = Michael;
				TargetAttributes = {
					4CD5BEF81C03B6B1001CD209 = {
						CreatedOnToolsVersion = 7.1.1;
						DevelopmentTeam = J9FL7S8JQZ;
					};
					4CD5BF0C1C03B6B2001CD209 = {
						CreatedOnToolsVersion = 7.1.1;
						TestTargetID = 4CD5BEF81C03B6B1001CD209;
					};
				};
			};
			buildConfigurationList = 4CD5BEF41C03B6B1001CD209 /* Build configuration list for PBXProject "Counter" */;
			compatibilityVersion = "Xcode 3.2";
			developmentRegion = English;
			hasScannedForEncodings = 0;
			knownRegions = (
				en,
				Base,
			);
			mainGroup = 4CD5BEF01C03B6B1001CD209;
			productRefGroup = 4CD5BEFA1C03B6B2001CD209 /* Products */;
			projectDirPath = "";
			projectRoot = "";
			targets = (
				4CD5BEF81C03B6B1001CD209 /* Counter */,
				4CD5BF0C1C03B6B2001CD209 /* CounterTests */,
			);
		};
/* End PBXProject section */

/* Begin PBXResourcesBuildPhase section */
		4CD5BEF71C03B6B1001CD209 /* Resources */ = {
			isa = PBXResourcesBuildPhase;
			buildActionMask = 2147483647;
			files = (
				4CD5BF071C03B6B2001CD209 /* LaunchScreen.storyboard in Resources */,
				4CD5BF041C03B6B2001CD209 /* Assets.xcassets in Resources */,
				4CD5BF021C03B6B2001CD209 /* Main.storyboard in Resources */,
			);
			runOnlyForDeploymentPostprocessing = 0;
		};
		4CD5BF0B1C03B6B2001CD209 /* Resources */ = {
			isa = PBXResourcesBuildPhase;
			buildActionMask = 2147483647;
			files = (
			);
			runOnlyForDeploymentPostprocessing = 0;
		};
/* End PBXResourcesBuildPhase section */

/* Begin PBXSourcesBuildPhase section */
		4CD5BEF51C03B6B1001CD209 /* Sources */ = {
			isa = PBXSourcesBuildPhase;
			buildActionMask = 2147483647;
			files = (
				4CD5BEFF1C03B6B2001CD209 /* ViewController.swift in Sources */,
				4CD5BEFD1C03B6B2001CD209 /* AppDelegate.swift in Sources */,
			);
			runOnlyForDeploymentPostprocessing = 0;
		};
		4CD5BF091C03B6B2001CD209 /* Sources */ = {
			isa = PBXSourcesBuildPhase;
			buildActionMask = 2147483647;
			files = (
				4CD5BF121C03B6B2001CD209 /* CounterTests.swift in Sources */,
			);
			runOnlyForDeploymentPostprocessing = 0;
		};
/* End PBXSourcesBuildPhase section */

/* Begin PBXTargetDependency section */
		4CD5BF0F1C03B6B2001CD209 /* PBXTargetDependency */ = {
			isa = PBXTargetDependency;
			target = 4CD5BEF81C03B6B1001CD209 /* Counter */;
			targetProxy = 4CD5BF0E1C03B6B2001CD209 /* PBXContainerItemProxy */;
		};
/* End PBXTargetDependency section */

/* Begin PBXVariantGroup section */
		4CD5BF001C03B6B2001CD209 /* Main.storyboard */ = {
			isa = PBXVariantGroup;
			children = (
				4CD5BF011C03B6B2001CD209 /* Base */,
			);
			name = Main.storyboard;
			sourceTree = "<group>";
		};
		4CD5BF051C03B6B2001CD209 /* LaunchScreen.storyboard */ = {
			isa = PBXVariantGroup;
			children = (
				4CD5BF061C03B6B2001CD209 /* Base */,
			);
			name = LaunchScreen.storyboard;
			sourceTree = "<group>";
		};
/* End PBXVariantGroup section */

/* Begin XCBuildConfiguration section */
		4CD5BF141C03B6B2001CD209 /* Debug */ = {
			isa = XCBuildConfiguration;
			buildSettings = {
				ALWAYS_SEARCH_USER_PATHS = NO;
				CLANG_CXX_LANGUAGE_STANDARD = "gnu++0x";
				CLANG_CXX_LIBRARY = "libc++";
				CLANG_ENABLE_MODULES = YES;
				CLANG_ENABLE_OBJC_ARC = YES;
				CLANG_WARN_BOOL_CONVERSION = YES;
				CLANG_WARN_CONSTANT_CONVERSION = YES;
				CLANG_WARN_DIRECT_OBJC_ISA_USAGE = YES_ERROR;
				CLANG_WARN_EMPTY_BODY = YES;
				CLANG_WARN_ENUM_CONVERSION = YES;
				CLANG_WARN_INT_CONVERSION = YES;
				CLANG_WARN_OBJC_ROOT_CLASS = YES_ERROR;
				CLANG_WARN_UNREACHABLE_CODE = YES;
				CLANG_WARN__DUPLICATE_METHOD_MATCH = YES;
				"CODE_SIGN_IDENTITY[sdk=iphoneos*]" = "iPhone Developer";
				COPY_PHASE_STRIP = NO;
				DEBUG_INFORMATION_FORMAT = dwarf;
				ENABLE_STRICT_OBJC_MSGSEND = YES;
				ENABLE_TESTABILITY = YES;
				GCC_C_LANGUAGE_STANDARD = gnu99;
				GCC_DYNAMIC_NO_PIC = NO;
				GCC_NO_COMMON_BLOCKS = YES;
				GCC_OPTIMIZATION_LEVEL = 0;
				GCC_PREPROCESSOR_DEFINITIONS = (
					"DEBUG=1",
					"$(inherited)",
				);
				GCC_WARN_64_TO_32_BIT_CONVERSION = YES;
				GCC_WARN_ABOUT_RETURN_TYPE = YES_ERROR;
				GCC_WARN_UNDECLARED_SELECTOR = YES;
				GCC_WARN_UNINITIALIZED_AUTOS = YES_AGGRESSIVE;
				GCC_WARN_UNUSED_FUNCTION = YES;
				GCC_WARN_UNUSED_VARIABLE = YES;
				IPHONEOS_DEPLOYMENT_TARGET = 9.1;
				MTL_ENABLE_DEBUG_INFO = YES;
				ONLY_ACTIVE_ARCH = YES;
				SDKROOT = iphoneos;
				SWIFT_OPTIMIZATION_LEVEL = "-Onone";
				TARGETED_DEVICE_FAMILY = "1,2";
			};
			name = Debug;
		};
		4CD5BF151C03B6B2001CD209 /* Release */ = {
			isa = XCBuildConfiguration;
			buildSettings = {
				ALWAYS_SEARCH_USER_PATHS = NO;
				CLANG_CXX_LANGUAGE_STANDARD = "gnu++0x";
				CLANG_CXX_LIBRARY = "libc++";
				CLANG_ENABLE_MODULES = YES;
				CLANG_ENABLE_OBJC_ARC = YES;
				CLANG_WARN_BOOL_CONVERSION = YES;
				CLANG_WARN_CONSTANT_CONVERSION = YES;
				CLANG_WARN_DIRECT_OBJC_ISA_USAGE = YES_ERROR;
				CLANG_WARN_EMPTY_BODY = YES;
				CLANG_WARN_ENUM_CONVERSION = YES;
				CLANG_WARN_INT_CONVERSION = YES;
				CLANG_WARN_OBJC_ROOT_CLASS = YES_ERROR;
				CLANG_WARN_UNREACHABLE_CODE = YES;
				CLANG_WARN__DUPLICATE_METHOD_MATCH = YES;
				"CODE_SIGN_IDENTITY[sdk=iphoneos*]" = "iPhone Developer";
				COPY_PHASE_STRIP = NO;
				DEBUG_INFORMATION_FORMAT = "dwarf-with-dsym";
				ENABLE_NS_ASSERTIONS = NO;
				ENABLE_STRICT_OBJC_MSGSEND = YES;
				GCC_C_LANGUAGE_STANDARD = gnu99;
				GCC_NO_COMMON_BLOCKS = YES;
				GCC_WARN_64_TO_32_BIT_CONVERSION = YES;
				GCC_WARN_ABOUT_RETURN_TYPE = YES_ERROR;
				GCC_WARN_UNDECLARED_SELECTOR = YES;
				GCC_WARN_UNINITIALIZED_AUTOS = YES_AGGRESSIVE;
				GCC_WARN_UNUSED_FUNCTION = YES;
				GCC_WARN_UNUSED_VARIABLE = YES;
				IPHONEOS_DEPLOYMENT_TARGET = 9.1;
				MTL_ENABLE_DEBUG_INFO = NO;
				SDKROOT = iphoneos;
				TARGETED_DEVICE_FAMILY = "1,2";
				VALIDATE_PRODUCT = YES;
			};
			name = Release;
		};
		4CD5BF171C03B6B2001CD209 /* Debug */ = {
			isa = XCBuildConfiguration;
			buildSettings = {
				ASSETCATALOG_COMPILER_APPICON_NAME = AppIcon;
				CODE_SIGN_IDENTITY = "iPhone Developer";
				"CODE_SIGN_IDENTITY[sdk=iphoneos*]" = "iPhone Developer";
				INFOPLIST_FILE = Counter/Info.plist;
				LD_RUNPATH_SEARCH_PATHS = "$(inherited) @executable_path/Frameworks";
				PRODUCT_BUNDLE_IDENTIFIER = michael.Counter;
				PRODUCT_NAME = "$(TARGET_NAME)";
				PROVISIONING_PROFILE = "";
			};
			name = Debug;
		};
		4CD5BF181C03B6B2001CD209 /* Release */ = {
			isa = XCBuildConfiguration;
			buildSettings = {
				ASSETCATALOG_COMPILER_APPICON_NAME = AppIcon;
				CODE_SIGN_IDENTITY = "iPhone Developer";
				"CODE_SIGN_IDENTITY[sdk=iphoneos*]" = "iPhone Developer";
				INFOPLIST_FILE = Counter/Info.plist;
				LD_RUNPATH_SEARCH_PATHS = "$(inherited) @executable_path/Frameworks";
				PRODUCT_BUNDLE_IDENTIFIER = michael.Counter;
				PRODUCT_NAME = "$(TARGET_NAME)";
				PROVISIONING_PROFILE = "";
			};
			name = Release;
		};
		4CD5BF1A1C03B6B2001CD209 /* Debug */ = {
			isa = XCBuildConfiguration;
			buildSettings = {
				BUNDLE_LOADER = "$(TEST_HOST)";
				INFOPLIST_FILE = CounterTests/Info.plist;
				LD_RUNPATH_SEARCH_PATHS = "$(inherited) @executable_path/Frameworks @loader_path/Frameworks";
				PRODUCT_BUNDLE_IDENTIFIER = michael.CounterTests;
				PRODUCT_NAME = "$(TARGET_NAME)";
				TEST_HOST = "$(BUILT_PRODUCTS_DIR)/Counter.app/Counter";
			};
			name = Debug;
		};
		4CD5BF1B1C03B6B2001CD209 /* Release */ = {
			isa = XCBuildConfiguration;
			buildSettings = {
				BUNDLE_LOADER = "$(TEST_HOST)";
				INFOPLIST_FILE = CounterTests/Info.plist;
				LD_RUNPATH_SEARCH_PATHS = "$(inherited) @executable_path/Frameworks @loader_path/Frameworks";
				PRODUCT_BUNDLE_IDENTIFIER = michael.CounterTests;
				PRODUCT_NAME = "$(TARGET_NAME)";
				TEST_HOST = "$(BUILT_PRODUCTS_DIR)/Counter.app/Counter";
			};
			name = Release;
		};
/* End XCBuildConfiguration section */

/* Begin XCConfigurationList section */
		4CD5BEF41C03B6B1001CD209 /* Build configuration list for PBXProject "Counter" */ = {
			isa = XCConfigurationList;
			buildConfigurations = (
				4CD5BF141C03B6B2001CD209 /* Debug */,
				4CD5BF151C03B6B2001CD209 /* Release */,
			);
			defaultConfigurationIsVisible = 0;
			defaultConfigurationName = Release;
		};
		4CD5BF161C03B6B2001CD209 /* Build configuration list for PBXNativeTarget "Counter" */ = {
			isa = XCConfigurationList;
			buildConfigurations = (
				4CD5BF171C03B6B2001CD209 /* Debug */,
				4CD5BF181C03B6B2001CD209 /* Release */,
			);
			defaultConfigurationIsVisible = 0;
		};
		4CD5BF191C03B6B2001CD209 /* Build configuration list for PBXNativeTarget "CounterTests" */ = {
			isa = XCConfigurationList;
			buildConfigurations = (
				4CD5BF1A1C03B6B2001CD209 /* Debug */,
				4CD5BF1B1C03B6B2001CD209 /* Release */,
			);
			defaultConfigurationIsVisible = 0;
		};
/* End XCConfigurationList section */
	};
	rootObject = 4CD5BEF11C03B6B1001CD209 /* Project object */;
}
